// !$*UTF8*$!
{
	archiveVersion = 1;
	classes = {
	};
	objectVersion = 46;
	objects = {

/* Begin PBXBuildFile section */
		C93F976F1B0233770078195A /* main.m in Sources */ = {isa = PBXBuildFile; fileRef = C93F976E1B0233770078195A /* main.m */; };
		C93F97721B0233770078195A /* AppDelegate.m in Sources */ = {isa = PBXBuildFile; fileRef = C93F97711B0233770078195A /* AppDelegate.m */; };
		C93F97751B0233770078195A /* EBookStore.xcdatamodeld in Sources */ = {isa = PBXBuildFile; fileRef = C93F97731B0233770078195A /* EBookStore.xcdatamodeld */; };
		C93F977B1B0233770078195A /* Main.storyboard in Resources */ = {isa = PBXBuildFile; fileRef = C93F97791B0233770078195A /* Main.storyboard */; };
		C93F977D1B0233770078195A /* Images.xcassets in Resources */ = {isa = PBXBuildFile; fileRef = C93F977C1B0233770078195A /* Images.xcassets */; };
		C93F97801B0233770078195A /* LaunchScreen.xib in Resources */ = {isa = PBXBuildFile; fileRef = C93F977E1B0233770078195A /* LaunchScreen.xib */; };
		C93F978C1B0233770078195A /* EBookStoreTests.m in Sources */ = {isa = PBXBuildFile; fileRef = C93F978B1B0233770078195A /* EBookStoreTests.m */; };
		C93F979F1B0237BF0078195A /* Books.plist in Resources */ = {isa = PBXBuildFile; fileRef = C93F97991B0237BF0078195A /* Books.plist */; };
		C93F97A01B0237BF0078195A /* 十年.txt in Resources */ = {isa = PBXBuildFile; fileRef = C93F979A1B0237BF0078195A /* 十年.txt */; };
		C93F97A11B0237BF0078195A /* 千年诅咒.txt in Resources */ = {isa = PBXBuildFile; fileRef = C93F979B1B0237BF0078195A /* 千年诅咒.txt */; };
		C93F97A21B0237BF0078195A /* 最熟悉的陌生人.txt in Resources */ = {isa = PBXBuildFile; fileRef = C93F979C1B0237BF0078195A /* 最熟悉的陌生人.txt */; };
		C93F97A31B0237BF0078195A /* 爱在仙境的日子.txt in Resources */ = {isa = PBXBuildFile; fileRef = C93F979D1B0237BF0078195A /* 爱在仙境的日子.txt */; };
		C93F97A41B0237BF0078195A /* 雪山飞狐.txt in Resources */ = {isa = PBXBuildFile; fileRef = C93F979E1B0237BF0078195A /* 雪山飞狐.txt */; };
		C93F97B11B0237C90078195A /* BookContentDataSource.m in Sources */ = {isa = PBXBuildFile; fileRef = C93F97A51B0237C90078195A /* BookContentDataSource.m */; };
		C93F97B21B0237C90078195A /* BookPageViewController.m in Sources */ = {isa = PBXBuildFile; fileRef = C93F97A61B0237C90078195A /* BookPageViewController.m */; };
		C93F97B31B0237C90078195A /* BookMasterViewController.m in Sources */ = {isa = PBXBuildFile; fileRef = C93F97A71B0237C90078195A /* BookMasterViewController.m */; };
		C93F97B41B0237C90078195A /* BookContentView.m in Sources */ = {isa = PBXBuildFile; fileRef = C93F97AA1B0237C90078195A /* BookContentView.m */; };
		C93F97B51B0237C90078195A /* BookNavBarView.m in Sources */ = {isa = PBXBuildFile; fileRef = C93F97AD1B0237C90078195A /* BookNavBarView.m */; };
		C93F97B61B0237C90078195A /* BookPageContentViewController.m in Sources */ = {isa = PBXBuildFile; fileRef = C93F97AF1B0237C90078195A /* BookPageContentViewController.m */; };
		C93F97C41B0237D50078195A /* BookShelfViewController.m in Sources */ = {isa = PBXBuildFile; fileRef = C93F97B71B0237D50078195A /* BookShelfViewController.m */; };
		C93F97C51B0237D50078195A /* BookShelfCollectionView.m in Sources */ = {isa = PBXBuildFile; fileRef = C93F97B91B0237D50078195A /* BookShelfCollectionView.m */; };
		C93F97C61B0237D50078195A /* BookShelfCollectionViewCell.m in Sources */ = {isa = PBXBuildFile; fileRef = C93F97BB1B0237D50078195A /* BookShelfCollectionViewCell.m */; };
		C93F97C71B0237D50078195A /* BookShelfCollectionViewCell.xib in Resources */ = {isa = PBXBuildFile; fileRef = C93F97BC1B0237D50078195A /* BookShelfCollectionViewCell.xib */; };
		C93F97C81B0237D50078195A /* BookShelfCollectionViewLayout.m in Sources */ = {isa = PBXBuildFile; fileRef = C93F97BE1B0237D50078195A /* BookShelfCollectionViewLayout.m */; };
		C93F97C91B0237D50078195A /* BookShelfDecorationView.m in Sources */ = {isa = PBXBuildFile; fileRef = C93F97C01B0237D50078195A /* BookShelfDecorationView.m */; };
		C93F97CA1B0237D50078195A /* BookShelfViewLayoutAttributes.m in Sources */ = {isa = PBXBuildFile; fileRef = C93F97C31B0237D50078195A /* BookShelfViewLayoutAttributes.m */; };
		C93F97CD1B0237E30078195A /* CoreDataManager.m in Sources */ = {isa = PBXBuildFile; fileRef = C93F97CB1B0237E30078195A /* CoreDataManager.m */; };
		C93F97D01B0237FB0078195A /* EBookModel.m in Sources */ = {isa = PBXBuildFile; fileRef = C93F97CF1B0237FB0078195A /* EBookModel.m */; };
		FA5218C4DC68B1D711CA0C30 /* libPods-EBookStore.a in Frameworks */ = {isa = PBXBuildFile; fileRef = FF6CE95C1EBAE10A47B25C75 /* libPods-EBookStore.a */; };
/* End PBXBuildFile section */

/* Begin PBXContainerItemProxy section */
		C93F97861B0233770078195A /* PBXContainerItemProxy */ = {
			isa = PBXContainerItemProxy;
			containerPortal = C93F97611B0233770078195A /* Project object */;
			proxyType = 1;
			remoteGlobalIDString = C93F97681B0233770078195A;
			remoteInfo = EBookStore;
		};
/* End PBXContainerItemProxy section */

/* Begin PBXFileReference section */
		083997DF5DD8CF9DC9652924 /* Pods-EBookStore.debug.xcconfig */ = {isa = PBXFileReference; includeInIndex = 1; lastKnownFileType = text.xcconfig; name = "Pods-EBookStore.debug.xcconfig"; path = "Pods/Target Support Files/Pods-EBookStore/Pods-EBookStore.debug.xcconfig"; sourceTree = "<group>"; };
		7D863A98C878C434CFBCBDF2 /* Pods-EBookStore.release.xcconfig */ = {isa = PBXFileReference; includeInIndex = 1; lastKnownFileType = text.xcconfig; name = "Pods-EBookStore.release.xcconfig"; path = "Pods/Target Support Files/Pods-EBookStore/Pods-EBookStore.release.xcconfig"; sourceTree = "<group>"; };
		C93F97691B0233770078195A /* EBookStore.app */ = {isa = PBXFileReference; explicitFileType = wrapper.application; includeInIndex = 0; path = EBookStore.app; sourceTree = BUILT_PRODUCTS_DIR; };
		C93F976D1B0233770078195A /* Info.plist */ = {isa = PBXFileReference; lastKnownFileType = text.plist.xml; path = Info.plist; sourceTree = "<group>"; };
		C93F976E1B0233770078195A /* main.m */ = {isa = PBXFileReference; lastKnownFileType = sourcecode.c.objc; path = main.m; sourceTree = "<group>"; };
		C93F97701B0233770078195A /* AppDelegate.h */ = {isa = PBXFileReference; lastKnownFileType = sourcecode.c.h; path = AppDelegate.h; sourceTree = "<group>"; };
		C93F97711B0233770078195A /* AppDelegate.m */ = {isa = PBXFileReference; lastKnownFileType = sourcecode.c.objc; path = AppDelegate.m; sourceTree = "<group>"; };
		C93F97741B0233770078195A /* EBookStore.xcdatamodel */ = {isa = PBXFileReference; lastKnownFileType = wrapper.xcdatamodel; path = EBookStore.xcdatamodel; sourceTree = "<group>"; };
		C93F977A1B0233770078195A /* Base */ = {isa = PBXFileReference; lastKnownFileType = file.storyboard; name = Base; path = Base.lproj/Main.storyboard; sourceTree = "<group>"; };
		C93F977C1B0233770078195A /* Images.xcassets */ = {isa = PBXFileReference; lastKnownFileType = folder.assetcatalog; path = Images.xcassets; sourceTree = "<group>"; };
		C93F977F1B0233770078195A /* Base */ = {isa = PBXFileReference; lastKnownFileType = file.xib; name = Base; path = Base.lproj/LaunchScreen.xib; sourceTree = "<group>"; };
		C93F97851B0233770078195A /* EBookStoreTests.xctest */ = {isa = PBXFileReference; explicitFileType = wrapper.cfbundle; includeInIndex = 0; path = EBookStoreTests.xctest; sourceTree = BUILT_PRODUCTS_DIR; };
		C93F978A1B0233770078195A /* Info.plist */ = {isa = PBXFileReference; lastKnownFileType = text.plist.xml; path = Info.plist; sourceTree = "<group>"; };
		C93F978B1B0233770078195A /* EBookStoreTests.m */ = {isa = PBXFileReference; lastKnownFileType = sourcecode.c.objc; path = EBookStoreTests.m; sourceTree = "<group>"; };
		C93F97991B0237BF0078195A /* Books.plist */ = {isa = PBXFileReference; fileEncoding = 4; lastKnownFileType = text.plist.xml; path = Books.plist; sourceTree = "<group>"; };
		C93F979A1B0237BF0078195A /* 十年.txt */ = {isa = PBXFileReference; fileEncoding = 4; lastKnownFileType = text; path = "十年.txt"; sourceTree = "<group>"; };
		C93F979B1B0237BF0078195A /* 千年诅咒.txt */ = {isa = PBXFileReference; fileEncoding = 4; lastKnownFileType = text; path = "千年诅咒.txt"; sourceTree = "<group>"; };
		C93F979C1B0237BF0078195A /* 最熟悉的陌生人.txt */ = {isa = PBXFileReference; fileEncoding = 4; lastKnownFileType = text; path = "最熟悉的陌生人.txt"; sourceTree = "<group>"; };
		C93F979D1B0237BF0078195A /* 爱在仙境的日子.txt */ = {isa = PBXFileReference; fileEncoding = 4; lastKnownFileType = text; path = "爱在仙境的日子.txt"; sourceTree = "<group>"; };
		C93F979E1B0237BF0078195A /* 雪山飞狐.txt */ = {isa = PBXFileReference; fileEncoding = 4; lastKnownFileType = text; path = "雪山飞狐.txt"; sourceTree = "<group>"; };
		C93F97A51B0237C90078195A /* BookContentDataSource.m */ = {isa = PBXFileReference; fileEncoding = 4; lastKnownFileType = sourcecode.c.objc; path = BookContentDataSource.m; sourceTree = "<group>"; };
		C93F97A61B0237C90078195A /* BookPageViewController.m */ = {isa = PBXFileReference; fileEncoding = 4; lastKnownFileType = sourcecode.c.objc; path = BookPageViewController.m; sourceTree = "<group>"; };
		C93F97A71B0237C90078195A /* BookMasterViewController.m */ = {isa = PBXFileReference; fileEncoding = 4; lastKnownFileType = sourcecode.c.objc; path = BookMasterViewController.m; sourceTree = "<group>"; };
		C93F97A81B0237C90078195A /* BookContentDataSource.h */ = {isa = PBXFileReference; fileEncoding = 4; lastKnownFileType = sourcecode.c.h; path = BookContentDataSource.h; sourceTree = "<group>"; };
		C93F97A91B0237C90078195A /* BookContentView.h */ = {isa = PBXFileReference; fileEncoding = 4; lastKnownFileType = sourcecode.c.h; path = BookContentView.h; sourceTree = "<group>"; };
		C93F97AA1B0237C90078195A /* BookContentView.m */ = {isa = PBXFileReference; fileEncoding = 4; lastKnownFileType = sourcecode.c.objc; path = BookContentView.m; sourceTree = "<group>"; };
		C93F97AB1B0237C90078195A /* BookMasterViewController.h */ = {isa = PBXFileReference; fileEncoding = 4; lastKnownFileType = sourcecode.c.h; path = BookMasterViewController.h; sourceTree = "<group>"; };
		C93F97AC1B0237C90078195A /* BookNavBarView.h */ = {isa = PBXFileReference; fileEncoding = 4; lastKnownFileType = sourcecode.c.h; path = BookNavBarView.h; sourceTree = "<group>"; };
		C93F97AD1B0237C90078195A /* BookNavBarView.m */ = {isa = PBXFileReference; fileEncoding = 4; lastKnownFileType = sourcecode.c.objc; path = BookNavBarView.m; sourceTree = "<group>"; };
		C93F97AE1B0237C90078195A /* BookPageContentViewController.h */ = {isa = PBXFileReference; fileEncoding = 4; lastKnownFileType = sourcecode.c.h; path = BookPageContentViewController.h; sourceTree = "<group>"; };
		C93F97AF1B0237C90078195A /* BookPageContentViewController.m */ = {isa = PBXFileReference; fileEncoding = 4; lastKnownFileType = sourcecode.c.objc; path = BookPageContentViewController.m; sourceTree = "<group>"; };
		C93F97B01B0237C90078195A /* BookPageViewController.h */ = {isa = PBXFileReference; fileEncoding = 4; lastKnownFileType = sourcecode.c.h; path = BookPageViewController.h; sourceTree = "<group>"; };
		C93F97B71B0237D50078195A /* BookShelfViewController.m */ = {isa = PBXFileReference; fileEncoding = 4; lastKnownFileType = sourcecode.c.objc; path = BookShelfViewController.m; sourceTree = "<group>"; };
		C93F97B81B0237D50078195A /* BookShelfCollectionView.h */ = {isa = PBXFileReference; fileEncoding = 4; lastKnownFileType = sourcecode.c.h; path = BookShelfCollectionView.h; sourceTree = "<group>"; };
		C93F97B91B0237D50078195A /* BookShelfCollectionView.m */ = {isa = PBXFileReference; fileEncoding = 4; lastKnownFileType = sourcecode.c.objc; path = BookShelfCollectionView.m; sourceTree = "<group>"; };
		C93F97BA1B0237D50078195A /* BookShelfCollectionViewCell.h */ = {isa = PBXFileReference; fileEncoding = 4; lastKnownFileType = sourcecode.c.h; path = BookShelfCollectionViewCell.h; sourceTree = "<group>"; };
		C93F97BB1B0237D50078195A /* BookShelfCollectionViewCell.m */ = {isa = PBXFileReference; fileEncoding = 4; lastKnownFileType = sourcecode.c.objc; path = BookShelfCollectionViewCell.m; sourceTree = "<group>"; };
		C93F97BC1B0237D50078195A /* BookShelfCollectionViewCell.xib */ = {isa = PBXFileReference; fileEncoding = 4; lastKnownFileType = file.xib; path = BookShelfCollectionViewCell.xib; sourceTree = "<group>"; };
		C93F97BD1B0237D50078195A /* BookShelfCollectionViewLayout.h */ = {isa = PBXFileReference; fileEncoding = 4; lastKnownFileType = sourcecode.c.h; path = BookShelfCollectionViewLayout.h; sourceTree = "<group>"; };
		C93F97BE1B0237D50078195A /* BookShelfCollectionViewLayout.m */ = {isa = PBXFileReference; fileEncoding = 4; lastKnownFileType = sourcecode.c.objc; path = BookShelfCollectionViewLayout.m; sourceTree = "<group>"; };
		C93F97BF1B0237D50078195A /* BookShelfDecorationView.h */ = {isa = PBXFileReference; fileEncoding = 4; lastKnownFileType = sourcecode.c.h; path = BookShelfDecorationView.h; sourceTree = "<group>"; };
		C93F97C01B0237D50078195A /* BookShelfDecorationView.m */ = {isa = PBXFileReference; fileEncoding = 4; lastKnownFileType = sourcecode.c.objc; path = BookShelfDecorationView.m; sourceTree = "<group>"; };
		C93F97C11B0237D50078195A /* BookShelfViewController.h */ = {isa = PBXFileReference; fileEncoding = 4; lastKnownFileType = sourcecode.c.h; path = BookShelfViewController.h; sourceTree = "<group>"; };
		C93F97C21B0237D50078195A /* BookShelfViewLayoutAttributes.h */ = {isa = PBXFileReference; fileEncoding = 4; lastKnownFileType = sourcecode.c.h; path = BookShelfViewLayoutAttributes.h; sourceTree = "<group>"; };
		C93F97C31B0237D50078195A /* BookShelfViewLayoutAttributes.m */ = {isa = PBXFileReference; fileEncoding = 4; lastKnownFileType = sourcecode.c.objc; path = BookShelfViewLayoutAttributes.m; sourceTree = "<group>"; };
		C93F97CB1B0237E30078195A /* CoreDataManager.m */ = {isa = PBXFileReference; fileEncoding = 4; lastKnownFileType = sourcecode.c.objc; path = CoreDataManager.m; sourceTree = "<group>"; };
		C93F97CC1B0237E30078195A /* CoreDataManager.h */ = {isa = PBXFileReference; fileEncoding = 4; lastKnownFileType = sourcecode.c.h; path = CoreDataManager.h; sourceTree = "<group>"; };
		C93F97CE1B0237FB0078195A /* EBookModel.h */ = {isa = PBXFileReference; fileEncoding = 4; lastKnownFileType = sourcecode.c.h; path = EBookModel.h; sourceTree = "<group>"; };
		C93F97CF1B0237FB0078195A /* EBookModel.m */ = {isa = PBXFileReference; fileEncoding = 4; lastKnownFileType = sourcecode.c.objc; path = EBookModel.m; sourceTree = "<group>"; };
		C93F97D11B0238910078195A /* MacroDefinition.h */ = {isa = PBXFileReference; fileEncoding = 4; lastKnownFileType = sourcecode.c.h; path = MacroDefinition.h; sourceTree = "<group>"; };
		FF6CE95C1EBAE10A47B25C75 /* libPods-EBookStore.a */ = {isa = PBXFileReference; explicitFileType = archive.ar; includeInIndex = 0; path = "libPods-EBookStore.a"; sourceTree = BUILT_PRODUCTS_DIR; };
/* End PBXFileReference section */

/* Begin PBXFrameworksBuildPhase section */
		C93F97661B0233770078195A /* Frameworks */ = {
			isa = PBXFrameworksBuildPhase;
			buildActionMask = 2147483647;
			files = (
				FA5218C4DC68B1D711CA0C30 /* libPods-EBookStore.a in Frameworks */,
			);
			runOnlyForDeploymentPostprocessing = 0;
		};
		C93F97821B0233770078195A /* Frameworks */ = {
			isa = PBXFrameworksBuildPhase;
			buildActionMask = 2147483647;
			files = (
			);
			runOnlyForDeploymentPostprocessing = 0;
		};
/* End PBXFrameworksBuildPhase section */

/* Begin PBXGroup section */
		7204BCC5D3B4E348677E22F5 /* Frameworks */ = {
			isa = PBXGroup;
			children = (
				FF6CE95C1EBAE10A47B25C75 /* libPods-EBookStore.a */,
			);
			name = Frameworks;
			sourceTree = "<group>";
		};
		78730D62A18DFDF3681DBE36 /* Pods */ = {
			isa = PBXGroup;
			children = (
				083997DF5DD8CF9DC9652924 /* Pods-EBookStore.debug.xcconfig */,
				7D863A98C878C434CFBCBDF2 /* Pods-EBookStore.release.xcconfig */,
			);
			name = Pods;
			sourceTree = "<group>";
		};
		C93F97601B0233770078195A = {
			isa = PBXGroup;
			children = (
				C93F976B1B0233770078195A /* EBookStore */,
				C93F97881B0233770078195A /* EBookStoreTests */,
				C93F976A1B0233770078195A /* Products */,
				78730D62A18DFDF3681DBE36 /* Pods */,
				7204BCC5D3B4E348677E22F5 /* Frameworks */,
			);
			sourceTree = "<group>";
		};
		C93F976A1B0233770078195A /* Products */ = {
			isa = PBXGroup;
			children = (
				C93F97691B0233770078195A /* EBookStore.app */,
				C93F97851B0233770078195A /* EBookStoreTests.xctest */,
			);
			name = Products;
			sourceTree = "<group>";
		};
		C93F976B1B0233770078195A /* EBookStore */ = {
			isa = PBXGroup;
			children = (
				C93F97701B0233770078195A /* AppDelegate.h */,
				C93F97711B0233770078195A /* AppDelegate.m */,
				C93F97791B0233770078195A /* Main.storyboard */,
				C93F97951B0233B60078195A /* 阅读器 */,
				C93F97961B0233B60078195A /* 书架 */,
				C93F97971B0233B60078195A /* Model */,
				C93F977C1B0233770078195A /* Images.xcassets */,
				C93F977E1B0233770078195A /* LaunchScreen.xib */,
				C93F97731B0233770078195A /* EBookStore.xcdatamodeld */,
				C93F976C1B0233770078195A /* Supporting Files */,
			);
			path = EBookStore;
			sourceTree = "<group>";
		};
		C93F976C1B0233770078195A /* Supporting Files */ = {
			isa = PBXGroup;
			children = (
				C93F976D1B0233770078195A /* Info.plist */,
				C93F976E1B0233770078195A /* main.m */,
				C93F97D11B0238910078195A /* MacroDefinition.h */,
				C93F97981B0237BF0078195A /* 书 */,
			);
			name = "Supporting Files";
			sourceTree = "<group>";
		};
		C93F97881B0233770078195A /* EBookStoreTests */ = {
			isa = PBXGroup;
			children = (
				C93F978B1B0233770078195A /* EBookStoreTests.m */,
				C93F97891B0233770078195A /* Supporting Files */,
			);
			path = EBookStoreTests;
			sourceTree = "<group>";
		};
		C93F97891B0233770078195A /* Supporting Files */ = {
			isa = PBXGroup;
			children = (
				C93F978A1B0233770078195A /* Info.plist */,
			);
			name = "Supporting Files";
			sourceTree = "<group>";
		};
		C93F97951B0233B60078195A /* 阅读器 */ = {
			isa = PBXGroup;
			children = (
				C93F97AB1B0237C90078195A /* BookMasterViewController.h */,
				C93F97A71B0237C90078195A /* BookMasterViewController.m */,
				C93F97B01B0237C90078195A /* BookPageViewController.h */,
				C93F97A61B0237C90078195A /* BookPageViewController.m */,
				C93F97AE1B0237C90078195A /* BookPageContentViewController.h */,
				C93F97AF1B0237C90078195A /* BookPageContentViewController.m */,
				C93F97A91B0237C90078195A /* BookContentView.h */,
				C93F97AA1B0237C90078195A /* BookContentView.m */,
				C93F97AC1B0237C90078195A /* BookNavBarView.h */,
				C93F97AD1B0237C90078195A /* BookNavBarView.m */,
				C93F97A81B0237C90078195A /* BookContentDataSource.h */,
				C93F97A51B0237C90078195A /* BookContentDataSource.m */,
			);
			path = "阅读器";
			sourceTree = "<group>";
		};
		C93F97961B0233B60078195A /* 书架 */ = {
			isa = PBXGroup;
			children = (
				C93F97C11B0237D50078195A /* BookShelfViewController.h */,
				C93F97B71B0237D50078195A /* BookShelfViewController.m */,
				C93F97B81B0237D50078195A /* BookShelfCollectionView.h */,
				C93F97B91B0237D50078195A /* BookShelfCollectionView.m */,
				C93F97BA1B0237D50078195A /* BookShelfCollectionViewCell.h */,
				C93F97BB1B0237D50078195A /* BookShelfCollectionViewCell.m */,
				C93F97BC1B0237D50078195A /* BookShelfCollectionViewCell.xib */,
				C93F97BD1B0237D50078195A /* BookShelfCollectionViewLayout.h */,
				C93F97BE1B0237D50078195A /* BookShelfCollectionViewLayout.m */,
				C93F97BF1B0237D50078195A /* BookShelfDecorationView.h */,
				C93F97C01B0237D50078195A /* BookShelfDecorationView.m */,
				C93F97C21B0237D50078195A /* BookShelfViewLayoutAttributes.h */,
				C93F97C31B0237D50078195A /* BookShelfViewLayoutAttributes.m */,
			);
			path = "书架";
			sourceTree = "<group>";
		};
		C93F97971B0233B60078195A /* Model */ = {
			isa = PBXGroup;
			children = (
				C93F97CC1B0237E30078195A /* CoreDataManager.h */,
				C93F97CB1B0237E30078195A /* CoreDataManager.m */,
				C93F97CE1B0237FB0078195A /* EBookModel.h */,
				C93F97CF1B0237FB0078195A /* EBookModel.m */,
			);
			path = Model;
			sourceTree = "<group>";
		};
		C93F97981B0237BF0078195A /* 书 */ = {
			isa = PBXGroup;
			children = (
				C93F97991B0237BF0078195A /* Books.plist */,
				C93F979A1B0237BF0078195A /* 十年.txt */,
				C93F979B1B0237BF0078195A /* 千年诅咒.txt */,
				C93F979C1B0237BF0078195A /* 最熟悉的陌生人.txt */,
				C93F979D1B0237BF0078195A /* 爱在仙境的日子.txt */,
				C93F979E1B0237BF0078195A /* 雪山飞狐.txt */,
			);
			path = "书";
			sourceTree = "<group>";
		};
/* End PBXGroup section */

/* Begin PBXNativeTarget section */
		C93F97681B0233770078195A /* EBookStore */ = {
			isa = PBXNativeTarget;
			buildConfigurationList = C93F978F1B0233770078195A /* Build configuration list for PBXNativeTarget "EBookStore" */;
			buildPhases = (
				48DCE2B72EF4F8AB9F1079C7 /* Check Pods Manifest.lock */,
				C93F97651B0233770078195A /* Sources */,
				C93F97661B0233770078195A /* Frameworks */,
				C93F97671B0233770078195A /* Resources */,
				03316811AAFC9764AA2A071D /* Copy Pods Resources */,
			);
			buildRules = (
			);
			dependencies = (
			);
			name = EBookStore;
			productName = EBookStore;
			productReference = C93F97691B0233770078195A /* EBookStore.app */;
			productType = "com.apple.product-type.application";
		};
		C93F97841B0233770078195A /* EBookStoreTests */ = {
			isa = PBXNativeTarget;
			buildConfigurationList = C93F97921B0233770078195A /* Build configuration list for PBXNativeTarget "EBookStoreTests" */;
			buildPhases = (
				C93F97811B0233770078195A /* Sources */,
				C93F97821B0233770078195A /* Frameworks */,
				C93F97831B0233770078195A /* Resources */,
			);
			buildRules = (
			);
			dependencies = (
				C93F97871B0233770078195A /* PBXTargetDependency */,
			);
			name = EBookStoreTests;
			productName = EBookStoreTests;
			productReference = C93F97851B0233770078195A /* EBookStoreTests.xctest */;
			productType = "com.apple.product-type.bundle.unit-test";
		};
/* End PBXNativeTarget section */

/* Begin PBXProject section */
		C93F97611B0233770078195A /* Project object */ = {
			isa = PBXProject;
			attributes = {
				LastUpgradeCheck = 0630;
				ORGANIZATIONNAME = "李巍";
				TargetAttributes = {
					C93F97681B0233770078195A = {
						CreatedOnToolsVersion = 6.3.1;
					};
					C93F97841B0233770078195A = {
						CreatedOnToolsVersion = 6.3.1;
						TestTargetID = C93F97681B0233770078195A;
					};
				};
			};
			buildConfigurationList = C93F97641B0233770078195A /* Build configuration list for PBXProject "EBookStore" */;
			compatibilityVersion = "Xcode 3.2";
			developmentRegion = English;
			hasScannedForEncodings = 0;
			knownRegions = (
				en,
				Base,
			);
			mainGroup = C93F97601B0233770078195A;
			productRefGroup = C93F976A1B0233770078195A /* Products */;
			projectDirPath = "";
			projectRoot = "";
			targets = (
				C93F97681B0233770078195A /* EBookStore */,
				C93F97841B0233770078195A /* EBookStoreTests */,
			);
		};
/* End PBXProject section */

/* Begin PBXResourcesBuildPhase section */
		C93F97671B0233770078195A /* Resources */ = {
			isa = PBXResourcesBuildPhase;
			buildActionMask = 2147483647;
			files = (
				C93F97A01B0237BF0078195A /* 十年.txt in Resources */,
				C93F97A21B0237BF0078195A /* 最熟悉的陌生人.txt in Resources */,
				C93F97A41B0237BF0078195A /* 雪山飞狐.txt in Resources */,
				C93F977B1B0233770078195A /* Main.storyboard in Resources */,
				C93F97801B0233770078195A /* LaunchScreen.xib in Resources */,
				C93F977D1B0233770078195A /* Images.xcassets in Resources */,
				C93F97C71B0237D50078195A /* BookShelfCollectionViewCell.xib in Resources */,
				C93F97A11B0237BF0078195A /* 千年诅咒.txt in Resources */,
				C93F979F1B0237BF0078195A /* Books.plist in Resources */,
				C93F97A31B0237BF0078195A /* 爱在仙境的日子.txt in Resources */,
			);
			runOnlyForDeploymentPostprocessing = 0;
		};
		C93F97831B0233770078195A /* Resources */ = {
			isa = PBXResourcesBuildPhase;
			buildActionMask = 2147483647;
			files = (
			);
			runOnlyForDeploymentPostprocessing = 0;
		};
/* End PBXResourcesBuildPhase section */

/* Begin PBXShellScriptBuildPhase section */
		03316811AAFC9764AA2A071D /* Copy Pods Resources */ = {
			isa = PBXShellScriptBuildPhase;
			buildActionMask = 2147483647;
			files = (
			);
			inputPaths = (
			);
			name = "Copy Pods Resources";
			outputPaths = (
			);
			runOnlyForDeploymentPostprocessing = 0;
			shellPath = /bin/sh;
			shellScript = "\"${SRCROOT}/Pods/Target Support Files/Pods-EBookStore/Pods-EBookStore-resources.sh\"\n";
			showEnvVarsInLog = 0;
		};
		48DCE2B72EF4F8AB9F1079C7 /* Check Pods Manifest.lock */ = {
			isa = PBXShellScriptBuildPhase;
			buildActionMask = 2147483647;
			files = (
			);
			inputPaths = (
			);
			name = "Check Pods Manifest.lock";
			outputPaths = (
			);
			runOnlyForDeploymentPostprocessing = 0;
			shellPath = /bin/sh;
			shellScript = "diff \"${PODS_ROOT}/../Podfile.lock\" \"${PODS_ROOT}/Manifest.lock\" > /dev/null\nif [[ $? != 0 ]] ; then\n    cat << EOM\nerror: The sandbox is not in sync with the Podfile.lock. Run 'pod install' or update your CocoaPods installation.\nEOM\n    exit 1\nfi\n";
			showEnvVarsInLog = 0;
		};
/* End PBXShellScriptBuildPhase section */

/* Begin PBXSourcesBuildPhase section */
		C93F97651B0233770078195A /* Sources */ = {
			isa = PBXSourcesBuildPhase;
			buildActionMask = 2147483647;
			files = (
				C93F97751B0233770078195A /* EBookStore.xcdatamodeld in Sources */,
				C93F97B41B0237C90078195A /* BookContentView.m in Sources */,
				C93F97C81B0237D50078195A /* BookShelfCollectionViewLayout.m in Sources */,
				C93F97C41B0237D50078195A /* BookShelfViewController.m in Sources */,
				C93F97B31B0237C90078195A /* BookMasterViewController.m in Sources */,
				C93F97C61B0237D50078195A /* BookShelfCollectionViewCell.m in Sources */,
				C93F97C51B0237D50078195A /* BookShelfCollectionView.m in Sources */,
				C93F97B51B0237C90078195A /* BookNavBarView.m in Sources */,
				C93F97CA1B0237D50078195A /* BookShelfViewLayoutAttributes.m in Sources */,
				C93F97C91B0237D50078195A /* BookShelfDecorationView.m in Sources */,
				C93F97CD1B0237E30078195A /* CoreDataManager.m in Sources */,
				C93F97721B0233770078195A /* AppDelegate.m in Sources */,
				C93F97D01B0237FB0078195A /* EBookModel.m in Sources */,
				C93F97B61B0237C90078195A /* BookPageContentViewController.m in Sources */,
				C93F976F1B0233770078195A /* main.m in Sources */,
				C93F97B21B0237C90078195A /* BookPageViewController.m in Sources */,
				C93F97B11B0237C90078195A /* BookContentDataSource.m in Sources */,
			);
			runOnlyForDeploymentPostprocessing = 0;
		};
		C93F97811B0233770078195A /* Sources */ = {
			isa = PBXSourcesBuildPhase;
			buildActionMask = 2147483647;
			files = (
				C93F978C1B0233770078195A /* EBookStoreTests.m in Sources */,
			);
			runOnlyForDeploymentPostprocessing = 0;
		};
/* End PBXSourcesBuildPhase section */

/* Begin PBXTargetDependency section */
		C93F97871B0233770078195A /* PBXTargetDependency */ = {
			isa = PBXTargetDependency;
			target = C93F97681B0233770078195A /* EBookStore */;
			targetProxy = C93F97861B0233770078195A /* PBXContainerItemProxy */;
		};
/* End PBXTargetDependency section */

/* Begin PBXVariantGroup section */
		C93F97791B0233770078195A /* Main.storyboard */ = {
			isa = PBXVariantGroup;
			children = (
				C93F977A1B0233770078195A /* Base */,
			);
			name = Main.storyboard;
			sourceTree = "<group>";
		};
		C93F977E1B0233770078195A /* LaunchScreen.xib */ = {
			isa = PBXVariantGroup;
			children = (
				C93F977F1B0233770078195A /* Base */,
			);
			name = LaunchScreen.xib;
			sourceTree = "<group>";
		};
/* End PBXVariantGroup section */

/* Begin XCBuildConfiguration section */
		C93F978D1B0233770078195A /* Debug */ = {
			isa = XCBuildConfiguration;
			buildSettings = {
				ALWAYS_SEARCH_USER_PATHS = NO;
				CLANG_CXX_LANGUAGE_STANDARD = "gnu++0x";
				CLANG_CXX_LIBRARY = "libc++";
				CLANG_ENABLE_MODULES = YES;
				CLANG_ENABLE_OBJC_ARC = YES;
				CLANG_WARN_BOOL_CONVERSION = YES;
				CLANG_WARN_CONSTANT_CONVERSION = YES;
				CLANG_WARN_DIRECT_OBJC_ISA_USAGE = YES_ERROR;
				CLANG_WARN_EMPTY_BODY = YES;
				CLANG_WARN_ENUM_CONVERSION = YES;
				CLANG_WARN_INT_CONVERSION = YES;
				CLANG_WARN_OBJC_ROOT_CLASS = YES_ERROR;
				CLANG_WARN_UNREACHABLE_CODE = YES;
				CLANG_WARN__DUPLICATE_METHOD_MATCH = YES;
				"CODE_SIGN_IDENTITY[sdk=iphoneos*]" = "iPhone Developer";
				COPY_PHASE_STRIP = NO;
				DEBUG_INFORMATION_FORMAT = "dwarf-with-dsym";
				ENABLE_STRICT_OBJC_MSGSEND = YES;
				GCC_C_LANGUAGE_STANDARD = gnu99;
				GCC_DYNAMIC_NO_PIC = NO;
				GCC_NO_COMMON_BLOCKS = YES;
				GCC_OPTIMIZATION_LEVEL = 0;
				GCC_PREPROCESSOR_DEFINITIONS = (
					"DEBUG=1",
					"$(inherited)",
				);
				GCC_SYMBOLS_PRIVATE_EXTERN = NO;
				GCC_WARN_64_TO_32_BIT_CONVERSION = YES;
				GCC_WARN_ABOUT_RETURN_TYPE = YES_ERROR;
				GCC_WARN_UNDECLARED_SELECTOR = YES;
				GCC_WARN_UNINITIALIZED_AUTOS = YES_AGGRESSIVE;
				GCC_WARN_UNUSED_FUNCTION = YES;
				GCC_WARN_UNUSED_VARIABLE = YES;
				IPHONEOS_DEPLOYMENT_TARGET = 8.3;
				MTL_ENABLE_DEBUG_INFO = YES;
				ONLY_ACTIVE_ARCH = YES;
				SDKROOT = iphoneos;
			};
			name = Debug;
		};
		C93F978E1B0233770078195A /* Release */ = {
			isa = XCBuildConfiguration;
			buildSettings = {
				ALWAYS_SEARCH_USER_PATHS = NO;
				CLANG_CXX_LANGUAGE_STANDARD = "gnu++0x";
				CLANG_CXX_LIBRARY = "libc++";
				CLANG_ENABLE_MODULES = YES;
				CLANG_ENABLE_OBJC_ARC = YES;
				CLANG_WARN_BOOL_CONVERSION = YES;
				CLANG_WARN_CONSTANT_CONVERSION = YES;
				CLANG_WARN_DIRECT_OBJC_ISA_USAGE = YES_ERROR;
				CLANG_WARN_EMPTY_BODY = YES;
				CLANG_WARN_ENUM_CONVERSION = YES;
				CLANG_WARN_INT_CONVERSION = YES;
				CLANG_WARN_OBJC_ROOT_CLASS = YES_ERROR;
				CLANG_WARN_UNREACHABLE_CODE = YES;
				CLANG_WARN__DUPLICATE_METHOD_MATCH = YES;
				"CODE_SIGN_IDENTITY[sdk=iphoneos*]" = "iPhone Developer";
				COPY_PHASE_STRIP = NO;
				DEBUG_INFORMATION_FORMAT = "dwarf-with-dsym";
				ENABLE_NS_ASSERTIONS = NO;
				ENABLE_STRICT_OBJC_MSGSEND = YES;
				GCC_C_LANGUAGE_STANDARD = gnu99;
				GCC_NO_COMMON_BLOCKS = YES;
				GCC_WARN_64_TO_32_BIT_CONVERSION = YES;
				GCC_WARN_ABOUT_RETURN_TYPE = YES_ERROR;
				GCC_WARN_UNDECLARED_SELECTOR = YES;
				GCC_WARN_UNINITIALIZED_AUTOS = YES_AGGRESSIVE;
				GCC_WARN_UNUSED_FUNCTION = YES;
				GCC_WARN_UNUSED_VARIABLE = YES;
				IPHONEOS_DEPLOYMENT_TARGET = 8.3;
				MTL_ENABLE_DEBUG_INFO = NO;
				SDKROOT = iphoneos;
				VALIDATE_PRODUCT = YES;
			};
			name = Release;
		};
		C93F97901B0233770078195A /* Debug */ = {
			isa = XCBuildConfiguration;
			baseConfigurationReference = 083997DF5DD8CF9DC9652924 /* Pods-EBookStore.debug.xcconfig */;
			buildSettings = {
				ASSETCATALOG_COMPILER_APPICON_NAME = AppIcon;
				INFOPLIST_FILE = EBookStore/Info.plist;
				IPHONEOS_DEPLOYMENT_TARGET = 8.0;
				LD_RUNPATH_SEARCH_PATHS = "$(inherited) @executable_path/Frameworks";
				PRODUCT_NAME = "$(TARGET_NAME)";
			};
			name = Debug;
		};
		C93F97911B0233770078195A /* Release */ = {
			isa = XCBuildConfiguration;
			baseConfigurationReference = 7D863A98C878C434CFBCBDF2 /* Pods-EBookStore.release.xcconfig */;
			buildSettings = {
				ASSETCATALOG_COMPILER_APPICON_NAME = AppIcon;
				INFOPLIST_FILE = EBookStore/Info.plist;
				IPHONEOS_DEPLOYMENT_TARGET = 8.0;
				LD_RUNPATH_SEARCH_PATHS = "$(inherited) @executable_path/Frameworks";
				PRODUCT_NAME = "$(TARGET_NAME)";
			};
			name = Release;
		};
		C93F97931B0233770078195A /* Debug */ = {
			isa = XCBuildConfiguration;
			buildSettings = {
				BUNDLE_LOADER = "$(TEST_HOST)";
				FRAMEWORK_SEARCH_PATHS = (
					"$(SDKROOT)/Developer/Library/Frameworks",
					"$(inherited)",
				);
				GCC_PREPROCESSOR_DEFINITIONS = (
					"DEBUG=1",
					"$(inherited)",
				);
				INFOPLIST_FILE = EBookStoreTests/Info.plist;
				LD_RUNPATH_SEARCH_PATHS = "$(inherited) @executable_path/Frameworks @loader_path/Frameworks";
				PRODUCT_NAME = "$(TARGET_NAME)";
				TEST_HOST = "$(BUILT_PRODUCTS_DIR)/EBookStore.app/EBookStore";
			};
			name = Debug;
		};
		C93F97941B0233770078195A /* Release */ = {
			isa = XCBuildConfiguration;
			buildSettings = {
				BUNDLE_LOADER = "$(TEST_HOST)";
				FRAMEWORK_SEARCH_PATHS = (
					"$(SDKROOT)/Developer/Library/Frameworks",
					"$(inherited)",
				);
				INFOPLIST_FILE = EBookStoreTests/Info.plist;
				LD_RUNPATH_SEARCH_PATHS = "$(inherited) @executable_path/Frameworks @loader_path/Frameworks";
				PRODUCT_NAME = "$(TARGET_NAME)";
				TEST_HOST = "$(BUILT_PRODUCTS_DIR)/EBookStore.app/EBookStore";
			};
			name = Release;
		};
/* End XCBuildConfiguration section */

/* Begin XCConfigurationList section */
		C93F97641B0233770078195A /* Build configuration list for PBXProject "EBookStore" */ = {
			isa = XCConfigurationList;
			buildConfigurations = (
				C93F978D1B0233770078195A /* Debug */,
				C93F978E1B0233770078195A /* Release */,
			);
			defaultConfigurationIsVisible = 0;
			defaultConfigurationName = Release;
		};
		C93F978F1B0233770078195A /* Build configuration list for PBXNativeTarget "EBookStore" */ = {
			isa = XCConfigurationList;
			buildConfigurations = (
				C93F97901B0233770078195A /* Debug */,
				C93F97911B0233770078195A /* Release */,
			);
			defaultConfigurationIsVisible = 0;
			defaultConfigurationName = Release;
		};
		C93F97921B0233770078195A /* Build configuration list for PBXNativeTarget "EBookStoreTests" */ = {
			isa = XCConfigurationList;
			buildConfigurations = (
				C93F97931B0233770078195A /* Debug */,
				C93F97941B0233770078195A /* Release */,
			);
			defaultConfigurationIsVisible = 0;
			defaultConfigurationName = Release;
		};
/* End XCConfigurationList section */

/* Begin XCVersionGroup section */
		C93F97731B0233770078195A /* EBookStore.xcdatamodeld */ = {
			isa = XCVersionGroup;
			children = (
				C93F97741B0233770078195A /* EBookStore.xcdatamodel */,
			);
			currentVersion = C93F97741B0233770078195A /* EBookStore.xcdatamodel */;
			path = EBookStore.xcdatamodeld;
			sourceTree = "<group>";
			versionGroupType = wrapper.xcdatamodel;
		};
/* End XCVersionGroup section */
	};
	rootObject = C93F97611B0233770078195A /* Project object */;
}
